
Microsoft Visual Studio Solution File, Format Version 12.00
# Visual Studio Version 17
VisualStudioVersion = 17.4.33103.184
MinimumVisualStudioVersion = 10.0.40219.1
Project("{FAE04EC0-301F-11D3-BF4B-00C04F79EFBC}") = "ReverseOddLengthWords", "ReverseOddLengthWords\ReverseOddLengthWords.csproj", "{19409917-7126-4DB7-A105-06A193613CCF}"
EndProject
Project("{FAE04EC0-301F-11D3-BF4B-00C04F79EFBC}") = "ReverseOddLengthWords.Tests", "ReverseOddLengthWords.Tests\ReverseOddLengthWords.Tests.csproj", "{977B3861-7007-4F1A-BB88-82A327E8C4AA}"
EndProject
Global
	GlobalSection(SolutionConfigurationPlatforms) = preSolution
		Debug|Any CPU = Debug|Any CPU
		Release|Any CPU = Release|Any CPU
	EndGlobalSection
	GlobalSection(ProjectConfigurationPlatforms) = postSolution
		{19409917-7126-4DB7-A105-06A193613CCF}.Debug|Any CPU.ActiveCfg = Debug|Any CPU
		{19409917-7126-4DB7-A105-06A193613CCF}.Debug|Any CPU.Build.0 = Debug|Any CPU
		{19409917-7126-4DB7-A105-06A193613CCF}.Release|Any CPU.ActiveCfg = Release|Any CPU
		{19409917-7126-4DB7-A105-06A193613CCF}.Release|Any CPU.Build.0 = Release|Any CPU
		{977B3861-7007-4F1A-BB88-82A327E8C4AA}.Debug|Any CPU.ActiveCfg = Debug|Any CPU
		{977B3861-7007-4F1A-BB88-82A327E8C4AA}.Debug|Any CPU.Build.0 = Debug|Any CPU
		{977B3861-7007-4F1A-BB88-82A327E8C4AA}.Release|Any CPU.ActiveCfg = Release|Any CPU
		{977B3861-7007-4F1A-BB88-82A327E8C4AA}.Release|Any CPU.Build.0 = Release|Any CPU
	EndGlobalSection
	GlobalSection(SolutionProperties) = preSolution
		HideSolutionNode = FALSE
	EndGlobalSection
	GlobalSection(ExtensibilityGlobals) = postSolution
		SolutionGuid = {1A2F4AD3-4529-4166-AC00-0606B26530D2}
	EndGlobalSection
EndGlobal
